// !$*UTF8*$!
{
	archiveVersion = 1;
	classes = {
	};
	objectVersion = 46;
	objects = {

/* Begin PBXBuildFile section */
		8537AF721CC45B880051532E /* AppDelegate.swift in Sources */ = {isa = PBXBuildFile; fileRef = 8537AF711CC45B880051532E /* AppDelegate.swift */; };
		8537AF741CC45B880051532E /* ViewController.swift in Sources */ = {isa = PBXBuildFile; fileRef = 8537AF731CC45B880051532E /* ViewController.swift */; };
		8537AF771CC45B880051532E /* Main.storyboard in Resources */ = {isa = PBXBuildFile; fileRef = 8537AF751CC45B880051532E /* Main.storyboard */; };
		8537AF791CC45B880051532E /* Assets.xcassets in Resources */ = {isa = PBXBuildFile; fileRef = 8537AF781CC45B880051532E /* Assets.xcassets */; };
		8537AF7C1CC45B880051532E /* LaunchScreen.storyboard in Resources */ = {isa = PBXBuildFile; fileRef = 8537AF7A1CC45B880051532E /* LaunchScreen.storyboard */; };
		857A01A01CC5745E003199E4 /* manner.swift in Sources */ = {isa = PBXBuildFile; fileRef = 857A019F1CC5745E003199E4 /* manner.swift */; };
		857A01A41CC58255003199E4 /* MyCell.swift in Sources */ = {isa = PBXBuildFile; fileRef = 857A01A31CC58255003199E4 /* MyCell.swift */; };
		857A01AA1CC58CFE003199E4 /* myviewtwo.swift in Sources */ = {isa = PBXBuildFile; fileRef = 857A01A91CC58CFE003199E4 /* myviewtwo.swift */; };
/* End PBXBuildFile section */

/* Begin PBXFileReference section */
		8537AF6E1CC45B880051532E /* ass4.app */ = {isa = PBXFileReference; explicitFileType = wrapper.application; includeInIndex = 0; path = ass4.app; sourceTree = BUILT_PRODUCTS_DIR; };
		8537AF711CC45B880051532E /* AppDelegate.swift */ = {isa = PBXFileReference; lastKnownFileType = sourcecode.swift; path = AppDelegate.swift; sourceTree = "<group>"; };
		8537AF731CC45B880051532E /* ViewController.swift */ = {isa = PBXFileReference; lastKnownFileType = sourcecode.swift; path = ViewController.swift; sourceTree = "<group>"; };
		8537AF761CC45B880051532E /* Base */ = {isa = PBXFileReference; lastKnownFileType = file.storyboard; name = Base; path = Base.lproj/Main.storyboard; sourceTree = "<group>"; };
		8537AF781CC45B880051532E /* Assets.xcassets */ = {isa = PBXFileReference; lastKnownFileType = folder.assetcatalog; path = Assets.xcassets; sourceTree = "<group>"; };
		8537AF7B1CC45B880051532E /* Base */ = {isa = PBXFileReference; lastKnownFileType = file.storyboard; name = Base; path = Base.lproj/LaunchScreen.storyboard; sourceTree = "<group>"; };
		8537AF7D1CC45B880051532E /* Info.plist */ = {isa = PBXFileReference; lastKnownFileType = text.plist.xml; path = Info.plist; sourceTree = "<group>"; };
		857A019F1CC5745E003199E4 /* manner.swift */ = {isa = PBXFileReference; fileEncoding = 4; lastKnownFileType = sourcecode.swift; path = manner.swift; sourceTree = "<group>"; };
		857A01A31CC58255003199E4 /* MyCell.swift */ = {isa = PBXFileReference; fileEncoding = 4; lastKnownFileType = sourcecode.swift; path = MyCell.swift; sourceTree = "<group>"; };
		857A01A91CC58CFE003199E4 /* myviewtwo.swift */ = {isa = PBXFileReference; fileEncoding = 4; lastKnownFileType = sourcecode.swift; path = myviewtwo.swift; sourceTree = "<group>"; };
/* End PBXFileReference section */

/* Begin PBXFrameworksBuildPhase section */
		8537AF6B1CC45B880051532E /* Frameworks */ = {
			isa = PBXFrameworksBuildPhase;
			buildActionMask = 2147483647;
			files = (
			);
			runOnlyForDeploymentPostprocessing = 0;
		};
/* End PBXFrameworksBuildPhase section */

/* Begin PBXGroup section */
		8537AF651CC45B880051532E = {
			isa = PBXGroup;
			children = (
				8537AF701CC45B880051532E /* ass4 */,
				8537AF6F1CC45B880051532E /* Products */,
			);
			sourceTree = "<group>";
		};
		8537AF6F1CC45B880051532E /* Products */ = {
			isa = PBXGroup;
			children = (
				8537AF6E1CC45B880051532E /* ass4.app */,
			);
			name = Products;
			sourceTree = "<group>";
		};
		8537AF701CC45B880051532E /* ass4 */ = {
			isa = PBXGroup;
			children = (
				8537AF711CC45B880051532E /* AppDelegate.swift */,
				857A019F1CC5745E003199E4 /* manner.swift */,
				857A01A91CC58CFE003199E4 /* myviewtwo.swift */,
				8537AF781CC45B880051532E /* Assets.xcassets */,
				8537AF731CC45B880051532E /* ViewController.swift */,
				857A01A31CC58255003199E4 /* MyCell.swift */,
				8537AF751CC45B880051532E /* Main.storyboard */,
				8537AF7A1CC45B880051532E /* LaunchScreen.storyboard */,
				8537AF7D1CC45B880051532E /* Info.plist */,
			);
			path = ass4;
			sourceTree = "<group>";
		};
/* End PBXGroup section */

/* Begin PBXNativeTarget section */
		8537AF6D1CC45B880051532E /* ass4 */ = {
			isa = PBXNativeTarget;
			buildConfigurationList = 8537AF801CC45B880051532E /* Build configuration list for PBXNativeTarget "ass4" */;
			buildPhases = (
				8537AF6A1CC45B880051532E /* Sources */,
				8537AF6B1CC45B880051532E /* Frameworks */,
				8537AF6C1CC45B880051532E /* Resources */,
			);
			buildRules = (
			);
			dependencies = (
			);
			name = ass4;
			productName = ass4;
			productReference = 8537AF6E1CC45B880051532E /* ass4.app */;
			productType = "com.apple.product-type.application";
		};
/* End PBXNativeTarget section */

/* Begin PBXProject section */
		8537AF661CC45B880051532E /* Project object */ = {
			isa = PBXProject;
			attributes = {
				LastSwiftUpdateCheck = 0730;
				LastUpgradeCheck = 0730;
				ORGANIZATIONNAME = "Andrew Stepien";
				TargetAttributes = {
					8537AF6D1CC45B880051532E = {
						CreatedOnToolsVersion = 7.3;
					};
				};
			};
			buildConfigurationList = 8537AF691CC45B880051532E /* Build configuration list for PBXProject "ass4" */;
			compatibilityVersion = "Xcode 3.2";
			developmentRegion = English;
			hasScannedForEncodings = 0;
			knownRegions = (
				en,
				Base,
			);
			mainGroup = 8537AF651CC45B880051532E;
			productRefGroup = 8537AF6F1CC45B880051532E /* Products */;
			projectDirPath = "";
			projectRoot = "";
			targets = (
				8537AF6D1CC45B880051532E /* ass4 */,
			);
		};
/* End PBXProject section */

/* Begin PBXResourcesBuildPhase section */
		8537AF6C1CC45B880051532E /* Resources */ = {
			isa = PBXResourcesBuildPhase;
			buildActionMask = 2147483647;
			files = (
				8537AF7C1CC45B880051532E /* LaunchScreen.storyboard in Resources */,
				8537AF791CC45B880051532E /* Assets.xcassets in Resources */,
				8537AF771CC45B880051532E /* Main.storyboard in Resources */,
			);
			runOnlyForDeploymentPostprocessing = 0;
		};
/* End PBXResourcesBuildPhase section */

/* Begin PBXSourcesBuildPhase section */
		8537AF6A1CC45B880051532E /* Sources */ = {
			isa = PBXSourcesBuildPhase;
			buildActionMask = 2147483647;
			files = (
				8537AF741CC45B880051532E /* ViewController.swift in Sources */,
				857A01A41CC58255003199E4 /* MyCell.swift in Sources */,
				857A01AA1CC58CFE003199E4 /* myviewtwo.swift in Sources */,
				8537AF721CC45B880051532E /* AppDelegate.swift in Sources */,
				857A01A01CC5745E003199E4 /* manner.swift in Sources */,
			);
			runOnlyForDeploymentPostprocessing = 0;
		};
/* End PBXSourcesBuildPhase section */

/* Begin PBXVariantGroup section */
		8537AF751CC45B880051532E /* Main.storyboard */ = {
			isa = PBXVariantGroup;
			children = (
				8537AF761CC45B880051532E /* Base */,
			);
			name = Main.storyboard;
			sourceTree = "<group>";
		};
		8537AF7A1CC45B880051532E /* LaunchScreen.storyboard */ = {
			isa = PBXVariantGroup;
			children = (
				8537AF7B1CC45B880051532E /* Base */,
			);
			name = LaunchScreen.storyboard;
			sourceTree = "<group>";
		};
/* End PBXVariantGroup section */

/* Begin XCBuildConfiguration section */
		8537AF7E1CC45B880051532E /* Debug */ = {
			isa = XCBuildConfiguration;
			buildSettings = {
				ALWAYS_SEARCH_USER_PATHS = NO;
				CLANG_ANALYZER_NONNULL = YES;
				CLANG_CXX_LANGUAGE_STANDARD = "gnu++0x";
				CLANG_CXX_LIBRARY = "libc++";
				CLANG_ENABLE_MODULES = YES;
				CLANG_ENABLE_OBJC_ARC = YES;
				CLANG_WARN_BOOL_CONVERSION = YES;
				CLANG_WARN_CONSTANT_CONVERSION = YES;
				CLANG_WARN_DIRECT_OBJC_ISA_USAGE = YES_ERROR;
				CLANG_WARN_EMPTY_BODY = YES;
				CLANG_WARN_ENUM_CONVERSION = YES;
				CLANG_WARN_INT_CONVERSION = YES;
				CLANG_WARN_OBJC_ROOT_CLASS = YES_ERROR;
				CLANG_WARN_UNREACHABLE_CODE = YES;
				CLANG_WARN__DUPLICATE_METHOD_MATCH = YES;
				"CODE_SIGN_IDENTITY[sdk=iphoneos*]" = "iPhone Developer";
				COPY_PHASE_STRIP = NO;
				DEBUG_INFORMATION_FORMAT = dwarf;
				ENABLE_STRICT_OBJC_MSGSEND = YES;
				ENABLE_TESTABILITY = YES;
				GCC_C_LANGUAGE_STANDARD = gnu99;
				GCC_DYNAMIC_NO_PIC = NO;
				GCC_NO_COMMON_BLOCKS = YES;
				GCC_OPTIMIZATION_LEVEL = 0;
				GCC_PREPROCESSOR_DEFINITIONS = (
					"DEBUG=1",
					"$(inherited)",
				);
				GCC_WARN_64_TO_32_BIT_CONVERSION = YES;
				GCC_WARN_ABOUT_RETURN_TYPE = YES_ERROR;
				GCC_WARN_UNDECLARED_SELECTOR = YES;
				GCC_WARN_UNINITIALIZED_AUTOS = YES_AGGRESSIVE;
				GCC_WARN_UNUSED_FUNCTION = YES;
				GCC_WARN_UNUSED_VARIABLE = YES;
				IPHONEOS_DEPLOYMENT_TARGET = 9.3;
				MTL_ENABLE_DEBUG_INFO = YES;
				ONLY_ACTIVE_ARCH = YES;
				SDKROOT = iphoneos;
				SWIFT_OPTIMIZATION_LEVEL = "-Onone";
				TARGETED_DEVICE_FAMILY = "1,2";
			};
			name = Debug;
		};
		8537AF7F1CC45B880051532E /* Release */ = {
			isa = XCBuildConfiguration;
			buildSettings = {
				ALWAYS_SEARCH_USER_PATHS = NO;
				CLANG_ANALYZER_NONNULL = YES;
				CLANG_CXX_LANGUAGE_STANDARD = "gnu++0x";
				CLANG_CXX_LIBRARY = "libc++";
				CLANG_ENABLE_MODULES = YES;
				CLANG_ENABLE_OBJC_ARC = YES;
				CLANG_WARN_BOOL_CONVERSION = YES;
				CLANG_WARN_CONSTANT_CONVERSION = YES;
				CLANG_WARN_DIRECT_OBJC_ISA_USAGE = YES_ERROR;
				CLANG_WARN_EMPTY_BODY = YES;
				CLANG_WARN_ENUM_CONVERSION = YES;
				CLANG_WARN_INT_CONVERSION = YES;
				CLANG_WARN_OBJC_ROOT_CLASS = YES_ERROR;
				CLANG_WARN_UNREACHABLE_CODE = YES;
				CLANG_WARN__DUPLICATE_METHOD_MATCH = YES;
				"CODE_SIGN_IDENTITY[sdk=iphoneos*]" = "iPhone Developer";
				COPY_PHASE_STRIP = NO;
				DEBUG_INFORMATION_FORMAT = "dwarf-with-dsym";
				ENABLE_NS_ASSERTIONS = NO;
				ENABLE_STRICT_OBJC_MSGSEND = YES;
				GCC_C_LANGUAGE_STANDARD = gnu99;
				GCC_NO_COMMON_BLOCKS = YES;
				GCC_WARN_64_TO_32_BIT_CONVERSION = YES;
				GCC_WARN_ABOUT_RETURN_TYPE = YES_ERROR;
				GCC_WARN_UNDECLARED_SELECTOR = YES;
				GCC_WARN_UNINITIALIZED_AUTOS = YES_AGGRESSIVE;
				GCC_WARN_UNUSED_FUNCTION = YES;
				GCC_WARN_UNUSED_VARIABLE = YES;
				IPHONEOS_DEPLOYMENT_TARGET = 9.3;
				MTL_ENABLE_DEBUG_INFO = NO;
				SDKROOT = iphoneos;
				TARGETED_DEVICE_FAMILY = "1,2";
				VALIDATE_PRODUCT = YES;
			};
			name = Release;
		};
		8537AF811CC45B880051532E /* Debug */ = {
			isa = XCBuildConfiguration;
			buildSettings = {
				ASSETCATALOG_COMPILER_APPICON_NAME = AppIcon;
				INFOPLIST_FILE = ass4/Info.plist;
				LD_RUNPATH_SEARCH_PATHS = "$(inherited) @executable_path/Frameworks";
				PRODUCT_BUNDLE_IDENTIFIER = chapman.edu.ass4;
				PRODUCT_NAME = "$(TARGET_NAME)";
			};
			name = Debug;
		};
		8537AF821CC45B880051532E /* Release */ = {
			isa = XCBuildConfiguration;
			buildSettings = {
				ASSETCATALOG_COMPILER_APPICON_NAME = AppIcon;
				INFOPLIST_FILE = ass4/Info.plist;
				LD_RUNPATH_SEARCH_PATHS = "$(inherited) @executable_path/Frameworks";
				PRODUCT_BUNDLE_IDENTIFIER = chapman.edu.ass4;
				PRODUCT_NAME = "$(TARGET_NAME)";
			};
			name = Release;
		};
/* End XCBuildConfiguration section */

/* Begin XCConfigurationList section */
		8537AF691CC45B880051532E /* Build configuration list for PBXProject "ass4" */ = {
			isa = XCConfigurationList;
			buildConfigurations = (
				8537AF7E1CC45B880051532E /* Debug */,
				8537AF7F1CC45B880051532E /* Release */,
			);
			defaultConfigurationIsVisible = 0;
			defaultConfigurationName = Release;
		};
		8537AF801CC45B880051532E /* Build configuration list for PBXNativeTarget "ass4" */ = {
			isa = XCConfigurationList;
			buildConfigurations = (
				8537AF811CC45B880051532E /* Debug */,
				8537AF821CC45B880051532E /* Release */,
			);
			defaultConfigurationIsVisible = 0;
			defaultConfigurationName = Release;
		};
/* End XCConfigurationList section */
	};
	rootObject = 8537AF661CC45B880051532E /* Project object */;
}
